
Microsoft Visual Studio Solution File, Format Version 12.00
# Visual Studio Version 17
VisualStudioVersion = 17.11.35327.3
MinimumVisualStudioVersion = 10.0.40219.1
Project("{52CA45D1-41DF-4103-8C3D-1E122BF1C57C}") = "DyingLightGame", "CE6dl\CE6dl_Client.vcxproj", "{52CA45D1-41DF-4103-8C3D-1E122BF1C57C}"
EndProject
Project("{CBA7B028-A93F-4577-8F31-3F8D81BAAEFD}") = "engine_x64_rwdi", "engine_x64_rwdi\engine_x64_rwdi.vcxproj", "{CBA7B028-A93F-4577-8F31-3F8D81BAAEFD}"
EndProject
Project("{E6ED9E82-BA5E-45AF-894F-05ABFF0DFDE6}") = "filesystem_x64_rwdi", "filesystem_x64_rwdi\filesystem_x64_rwdi.vcxproj", "{E6ED9E82-BA5E-45AF-894F-05ABFF0DFDE6}"
EndProject
Global
	GlobalSection(SolutionConfigurationPlatforms) = preSolution
		Debug|x64 = Debug|x64
		Release|x64 = Release|x64
	EndGlobalSection
	GlobalSection(ProjectConfigurationPlatforms) = postSolution
		{52CA45D1-41DF-4103-8C3D-1E122BF1C57C}.Debug|x64.ActiveCfg = Debug|x64
		{52CA45D1-41DF-4103-8C3D-1E122BF1C57C}.Debug|x64.Build.0 = Debug|x64
		{52CA45D1-41DF-4103-8C3D-1E122BF1C57C}.Release|x64.ActiveCfg = Release|x64
		{52CA45D1-41DF-4103-8C3D-1E122BF1C57C}.Release|x64.Build.0 = Release|x64
		{CBA7B028-A93F-4577-8F31-3F8D81BAAEFD}.Debug|x64.ActiveCfg = Debug|x64
		{CBA7B028-A93F-4577-8F31-3F8D81BAAEFD}.Debug|x64.Build.0 = Debug|x64
		{CBA7B028-A93F-4577-8F31-3F8D81BAAEFD}.Release|x64.ActiveCfg = Release|x64
		{CBA7B028-A93F-4577-8F31-3F8D81BAAEFD}.Release|x64.Build.0 = Release|x64
		{E6ED9E82-BA5E-45AF-894F-05ABFF0DFDE6}.Debug|x64.ActiveCfg = Debug|x64
		{E6ED9E82-BA5E-45AF-894F-05ABFF0DFDE6}.Debug|x64.Build.0 = Debug|x64
		{E6ED9E82-BA5E-45AF-894F-05ABFF0DFDE6}.Release|x64.ActiveCfg = Release|x64
		{E6ED9E82-BA5E-45AF-894F-05ABFF0DFDE6}.Release|x64.Build.0 = Release|x64
	EndGlobalSection
	GlobalSection(SolutionProperties) = preSolution
		HideSolutionNode = FALSE
	EndGlobalSection
	GlobalSection(ExtensibilityGlobals) = postSolution
		SolutionGuid = {7ABDE590-8357-4D31-99F6-AEE15A24FCE6}
	EndGlobalSection
EndGlobal
