<?xml version="1.0" encoding="utf-8"?>
<Project ToolsVersion="4.0" xmlns="http://schemas.microsoft.com/developer/msbuild/2003">
  <ItemGroup>
    <Filter Include="Header Files">
      <UniqueIdentifier>{93995380-89BD-4b04-88EB-625FBE52EBFB}</UniqueIdentifier>
      <Extensions>h;hh;hpp;hxx;h++;hm;inl;inc;ipp;xsd</Extensions>
    </Filter>
    <Filter Include="Resource Files">
      <UniqueIdentifier>{67DA6AB6-F800-4c08-8B7A-83BB121AAD01}</UniqueIdentifier>
      <Extensions>rc;ico;cur;bmp;dlg;rc2;rct;bin;rgs;gif;jpg;jpeg;jpe;resx;tiff;tif;png;wav;mfcribbon-ms</Extensions>
    </Filter>
  </ItemGroup>
  <ItemGroup>
    <ClInclude Include="MinHook\hde\hde64.h">
      <Filter>Header Files</Filter>
    </ClInclude>
    <ClInclude Include="MinHook\hde\pstdint.h">
      <Filter>Header Files</Filter>
    </ClInclude>
    <ClInclude Include="MinHook\hde\table64.h">
      <Filter>Header Files</Filter>
    </ClInclude>
    <ClInclude Include="MinHook\buffer.h">
      <Filter>Header Files</Filter>
    </ClInclude>
    <ClInclude Include="MinHook\MinHook.h">
      <Filter>Header Files</Filter>
    </ClInclude>
    <ClInclude Include="MinHook\trampoline.h">
      <Filter>Header Files</Filter>
    </ClInclude>
    <ClInclude Include="Core\Pch\pch.h">
      <Filter>Header Files</Filter>
    </ClInclude>
    <ClInclude Include="Core\Sdk\Engine\engine.h">
      <Filter>Header Files</Filter>
    </ClInclude>
    <ClInclude Include="Core\Sdk\Engine\igame.h">
      <Filter>Header Files</Filter>
    </ClInclude>
    <ClInclude Include="Core\Sdk\Engine\resource.h">
      <Filter>Header Files</Filter>
    </ClInclude>
    <ClInclude Include="Core\Sdk\Filesystem\Filesystem.h">
      <Filter>Header Files</Filter>
    </ClInclude>
    <ClInclude Include="Core\Sdk\Filesystem\Log.h">
      <Filter>Header Files</Filter>
    </ClInclude>
    <ClInclude Include="Core\Sdk\Steam\isteamapplist.h">
      <Filter>Header Files</Filter>
    </ClInclude>
    <ClInclude Include="Core\Sdk\Steam\isteamapps.h">
      <Filter>Header Files</Filter>
    </ClInclude>
    <ClInclude Include="Core\Sdk\Steam\isteamappticket.h">
      <Filter>Header Files</Filter>
    </ClInclude>
    <ClInclude Include="Core\Sdk\Steam\isteamclient.h">
      <Filter>Header Files</Filter>
    </ClInclude>
    <ClInclude Include="Core\Sdk\Steam\isteamcontroller.h">
      <Filter>Header Files</Filter>
    </ClInclude>
    <ClInclude Include="Core\Sdk\Steam\isteamdualsense.h">
      <Filter>Header Files</Filter>
    </ClInclude>
    <ClInclude Include="Core\Sdk\Steam\isteamfriends.h">
      <Filter>Header Files</Filter>
    </ClInclude>
    <ClInclude Include="Core\Sdk\Steam\isteamgamecoordinator.h">
      <Filter>Header Files</Filter>
    </ClInclude>
    <ClInclude Include="Core\Sdk\Steam\isteamgameserver.h">
      <Filter>Header Files</Filter>
    </ClInclude>
    <ClInclude Include="Core\Sdk\Steam\isteamgameserverstats.h">
      <Filter>Header Files</Filter>
    </ClInclude>
    <ClInclude Include="Core\Sdk\Steam\isteamhtmlsurface.h">
      <Filter>Header Files</Filter>
    </ClInclude>
    <ClInclude Include="Core\Sdk\Steam\isteamhttp.h">
      <Filter>Header Files</Filter>
    </ClInclude>
    <ClInclude Include="Core\Sdk\Steam\isteaminput.h">
      <Filter>Header Files</Filter>
    </ClInclude>
    <ClInclude Include="Core\Sdk\Steam\isteaminventory.h">
      <Filter>Header Files</Filter>
    </ClInclude>
    <ClInclude Include="Core\Sdk\Steam\isteammatchmaking.h">
      <Filter>Header Files</Filter>
    </ClInclude>
    <ClInclude Include="Core\Sdk\Steam\isteammusic.h">
      <Filter>Header Files</Filter>
    </ClInclude>
    <ClInclude Include="Core\Sdk\Steam\isteammusicremote.h">
      <Filter>Header Files</Filter>
    </ClInclude>
    <ClInclude Include="Core\Sdk\Steam\isteamnetworking.h">
      <Filter>Header Files</Filter>
    </ClInclude>
    <ClInclude Include="Core\Sdk\Steam\isteamnetworkingmessages.h">
      <Filter>Header Files</Filter>
    </ClInclude>
    <ClInclude Include="Core\Sdk\Steam\isteamnetworkingsockets.h">
      <Filter>Header Files</Filter>
    </ClInclude>
    <ClInclude Include="Core\Sdk\Steam\isteamnetworkingutils.h">
      <Filter>Header Files</Filter>
    </ClInclude>
    <ClInclude Include="Core\Sdk\Steam\isteamparentalsettings.h">
      <Filter>Header Files</Filter>
    </ClInclude>
    <ClInclude Include="Core\Sdk\Steam\isteamps3overlayrenderer.h">
      <Filter>Header Files</Filter>
    </ClInclude>
    <ClInclude Include="Core\Sdk\Steam\isteamremoteplay.h">
      <Filter>Header Files</Filter>
    </ClInclude>
    <ClInclude Include="Core\Sdk\Steam\isteamremotestorage.h">
      <Filter>Header Files</Filter>
    </ClInclude>
    <ClInclude Include="Core\Sdk\Steam\isteamscreenshots.h">
      <Filter>Header Files</Filter>
    </ClInclude>
    <ClInclude Include="Core\Sdk\Steam\isteamugc.h">
      <Filter>Header Files</Filter>
    </ClInclude>
    <ClInclude Include="Core\Sdk\Steam\isteamuser.h">
      <Filter>Header Files</Filter>
    </ClInclude>
    <ClInclude Include="Core\Sdk\Steam\isteamuserstats.h">
      <Filter>Header Files</Filter>
    </ClInclude>
    <ClInclude Include="Core\Sdk\Steam\isteamutils.h">
      <Filter>Header Files</Filter>
    </ClInclude>
    <ClInclude Include="Core\Sdk\Steam\isteamvideo.h">
      <Filter>Header Files</Filter>
    </ClInclude>
    <ClInclude Include="Core\Sdk\Steam\matchmakingtypes.h">
      <Filter>Header Files</Filter>
    </ClInclude>
    <ClInclude Include="Core\Sdk\Steam\steam_api.h">
      <Filter>Header Files</Filter>
    </ClInclude>
    <ClInclude Include="Core\Sdk\Steam\steam_api_common.h">
      <Filter>Header Files</Filter>
    </ClInclude>
    <ClInclude Include="Core\Sdk\Steam\steam_api_flat.h">
      <Filter>Header Files</Filter>
    </ClInclude>
    <ClInclude Include="Core\Sdk\Steam\steam_api_internal.h">
      <Filter>Header Files</Filter>
    </ClInclude>
    <ClInclude Include="Core\Sdk\Steam\steam_gameserver.h">
      <Filter>Header Files</Filter>
    </ClInclude>
    <ClInclude Include="Core\Sdk\Steam\steamclientpublic.h">
      <Filter>Header Files</Filter>
    </ClInclude>
    <ClInclude Include="Core\Sdk\Steam\steamencryptedappticket.h">
      <Filter>Header Files</Filter>
    </ClInclude>
    <ClInclude Include="Core\Sdk\Steam\steamhttpenums.h">
      <Filter>Header Files</Filter>
    </ClInclude>
    <ClInclude Include="Core\Sdk\Steam\steamnetworkingfakeip.h">
      <Filter>Header Files</Filter>
    </ClInclude>
    <ClInclude Include="Core\Sdk\Steam\steamnetworkingtypes.h">
      <Filter>Header Files</Filter>
    </ClInclude>
    <ClInclude Include="Core\Sdk\Steam\steamps3params.h">
      <Filter>Header Files</Filter>
    </ClInclude>
    <ClInclude Include="Core\Sdk\Steam\steamtypes.h">
      <Filter>Header Files</Filter>
    </ClInclude>
    <ClInclude Include="Core\Sdk\Steam\steamuniverse.h">
      <Filter>Header Files</Filter>
    </ClInclude>
    <ClInclude Include="Core\Sdk\TTL.h">
      <Filter>Header Files</Filter>
    </ClInclude>
    <ClInclude Include="Core\Util\Alert.h">
      <Filter>Header Files</Filter>
    </ClInclude>
    <ClInclude Include="Core\Util\Console.h">
      <Filter>Header Files</Filter>
    </ClInclude>
    <ClInclude Include="Core\Util\Directory.h">
      <Filter>Header Files</Filter>
    </ClInclude>
    <ClInclude Include="Core\Util\Mem.h">
      <Filter>Header Files</Filter>
    </ClInclude>
    <ClInclude Include="Core\Util\String.h">
      <Filter>Header Files</Filter>
    </ClInclude>
  </ItemGroup>
  <ItemGroup>
    <ClCompile Include="MinHook\hde\hde64.c" />
    <ClCompile Include="MinHook\buffer.c" />
    <ClCompile Include="MinHook\MinHook.c" />
    <ClCompile Include="MinHook\trampoline.c" />
    <ClCompile Include="Core\Pch\pch.cpp" />
    <ClCompile Include="Core\Util\Alert.cpp" />
    <ClCompile Include="Core\Util\Console.cpp" />
    <ClCompile Include="Core\Util\Directory.cpp" />
    <ClCompile Include="Core\Util\Mem.cpp" />
    <ClCompile Include="Core\Util\String.cpp" />
    <ClCompile Include="dllmain.cpp" />
  </ItemGroup>
</Project>